
Microsoft Visual Studio Solution File, Format Version 12.00
# Visual Studio Version 17
VisualStudioVersion = 17.3.32929.385
MinimumVisualStudioVersion = 10.0.40219.1
Project("{FAE04EC0-301F-11D3-BF4B-00C04F79EFBC}") = "EFBlogFluente", "EFBlogFluente.csproj", "{5C9CF3B4-A98C-4DBE-A9F7-7033C21ADE13}"
EndProject
Global
	GlobalSection(SolutionConfigurationPlatforms) = preSolution
		Debug|Any CPU = Debug|Any CPU
		Release|Any CPU = Release|Any CPU
	EndGlobalSection
	GlobalSection(ProjectConfigurationPlatforms) = postSolution
		{5C9CF3B4-A98C-4DBE-A9F7-7033C21ADE13}.Debug|Any CPU.ActiveCfg = Debug|Any CPU
		{5C9CF3B4-A98C-4DBE-A9F7-7033C21ADE13}.Debug|Any CPU.Build.0 = Debug|Any CPU
		{5C9CF3B4-A98C-4DBE-A9F7-7033C21ADE13}.Release|Any CPU.ActiveCfg = Release|Any CPU
		{5C9CF3B4-A98C-4DBE-A9F7-7033C21ADE13}.Release|Any CPU.Build.0 = Release|Any CPU
	EndGlobalSection
	GlobalSection(SolutionProperties) = preSolution
		HideSolutionNode = FALSE
	EndGlobalSection
	GlobalSection(ExtensibilityGlobals) = postSolution
		SolutionGuid = {C9CE57B9-A1AA-4C17-91DD-C1CFFBD478FB}
	EndGlobalSection
EndGlobal
